// !$*UTF8*$!
{
	archiveVersion = 1;
	classes = {
	};
	objectVersion = 56;
	objects = {

/* Begin PBXBuildFile section */
		4727276B2DC38F5B0059DF99 /* Preview.swift in Sources */ = {isa = PBXBuildFile; fileRef = 4727276A2DC38F5B0059DF99 /* Preview.swift */; };
		4727276D2DC3F4EE0059DF99 /* ScheduleViewController.swift in Sources */ = {isa = PBXBuildFile; fileRef = 4727276C2DC3F4EE0059DF99 /* ScheduleViewController.swift */; };
		472727702DC3FA550059DF99 /* ScheduleTableViewCell.swift in Sources */ = {isa = PBXBuildFile; fileRef = 4727276F2DC3FA550059DF99 /* ScheduleTableViewCell.swift */; };
		474225862DAAF88B00D71D40 /* UIViewController+StubScreen.swift in Sources */ = {isa = PBXBuildFile; fileRef = 474225852DAAF88B00D71D40 /* UIViewController+StubScreen.swift */; };
		4794168E2DC1581C00798BC5 /* ChooseTrackerTypeViewController.swift in Sources */ = {isa = PBXBuildFile; fileRef = 4794168D2DC1581C00798BC5 /* ChooseTrackerTypeViewController.swift */; };
		479416902DC16F2100798BC5 /* UIButton+Extensions.swift in Sources */ = {isa = PBXBuildFile; fileRef = 4794168F2DC16F2100798BC5 /* UIButton+Extensions.swift */; };
		479416922DC1732800798BC5 /* UILabel+NavAppStyle.swift in Sources */ = {isa = PBXBuildFile; fileRef = 479416912DC1732800798BC5 /* UILabel+NavAppStyle.swift */; };
		479552EA2DAC2B970089F203 /* SplashViewController.swift in Sources */ = {isa = PBXBuildFile; fileRef = 479552E92DAC2B970089F203 /* SplashViewController.swift */; };
		479D6E7B2DA295680076934A /* AppDelegate.swift in Sources */ = {isa = PBXBuildFile; fileRef = 479D6E7A2DA295680076934A /* AppDelegate.swift */; };
		479D6E7D2DA295680076934A /* SceneDelegate.swift in Sources */ = {isa = PBXBuildFile; fileRef = 479D6E7C2DA295680076934A /* SceneDelegate.swift */; };
		479D6E7F2DA295680076934A /* TrackersViewController.swift in Sources */ = {isa = PBXBuildFile; fileRef = 479D6E7E2DA295680076934A /* TrackersViewController.swift */; };
		479D6E842DA2956C0076934A /* Assets.xcassets in Resources */ = {isa = PBXBuildFile; fileRef = 479D6E832DA2956C0076934A /* Assets.xcassets */; };
		479D6E902DA2B10E0076934A /* TabBarController.swift in Sources */ = {isa = PBXBuildFile; fileRef = 479D6E8F2DA2B10E0076934A /* TabBarController.swift */; };
		479D6E932DA2F1A90076934A /* StatisticViewController.swift in Sources */ = {isa = PBXBuildFile; fileRef = 479D6E922DA2F1A90076934A /* StatisticViewController.swift */; };
		47ACB42B2DC2561B00A2550A /* CreateTrackerViewController.swift in Sources */ = {isa = PBXBuildFile; fileRef = 47ACB42A2DC2561B00A2550A /* CreateTrackerViewController.swift */; };
		47ACB4312DC2933300A2550A /* HabitTableViewCell.swift in Sources */ = {isa = PBXBuildFile; fileRef = 47ACB4302DC2933300A2550A /* HabitTableViewCell.swift */; };
		47ACB4342DC2A25D00A2550A /* TrackerType.swift in Sources */ = {isa = PBXBuildFile; fileRef = 47ACB4332DC2A25D00A2550A /* TrackerType.swift */; };
		47ACB6BC2DBBA2470062734D /* Tracker.swift in Sources */ = {isa = PBXBuildFile; fileRef = 47ACB6BB2DBBA2470062734D /* Tracker.swift */; };
		47ACB6BE2DBBA3AC0062734D /* TrackerCategory.swift in Sources */ = {isa = PBXBuildFile; fileRef = 47ACB6BD2DBBA3AC0062734D /* TrackerCategory.swift */; };
		47ACB6C02DBBA6D10062734D /* TrackerRecord.swift in Sources */ = {isa = PBXBuildFile; fileRef = 47ACB6BF2DBBA6D10062734D /* TrackerRecord.swift */; };
/* End PBXBuildFile section */

/* Begin PBXFileReference section */
		4727276A2DC38F5B0059DF99 /* Preview.swift */ = {isa = PBXFileReference; lastKnownFileType = sourcecode.swift; path = Preview.swift; sourceTree = "<group>"; };
		4727276C2DC3F4EE0059DF99 /* ScheduleViewController.swift */ = {isa = PBXFileReference; lastKnownFileType = sourcecode.swift; path = ScheduleViewController.swift; sourceTree = "<group>"; };
		4727276F2DC3FA550059DF99 /* ScheduleTableViewCell.swift */ = {isa = PBXFileReference; lastKnownFileType = sourcecode.swift; path = ScheduleTableViewCell.swift; sourceTree = "<group>"; };
		474225852DAAF88B00D71D40 /* UIViewController+StubScreen.swift */ = {isa = PBXFileReference; lastKnownFileType = sourcecode.swift; path = "UIViewController+StubScreen.swift"; sourceTree = "<group>"; };
		4794168D2DC1581C00798BC5 /* ChooseTrackerTypeViewController.swift */ = {isa = PBXFileReference; lastKnownFileType = sourcecode.swift; path = ChooseTrackerTypeViewController.swift; sourceTree = "<group>"; };
		4794168F2DC16F2100798BC5 /* UIButton+Extensions.swift */ = {isa = PBXFileReference; lastKnownFileType = sourcecode.swift; path = "UIButton+Extensions.swift"; sourceTree = "<group>"; };
		479416912DC1732800798BC5 /* UILabel+NavAppStyle.swift */ = {isa = PBXFileReference; lastKnownFileType = sourcecode.swift; path = "UILabel+NavAppStyle.swift"; sourceTree = "<group>"; };
		479552E92DAC2B970089F203 /* SplashViewController.swift */ = {isa = PBXFileReference; lastKnownFileType = sourcecode.swift; path = SplashViewController.swift; sourceTree = "<group>"; };
		479D6E772DA295680076934A /* Tracker.app */ = {isa = PBXFileReference; explicitFileType = wrapper.application; includeInIndex = 0; path = Tracker.app; sourceTree = BUILT_PRODUCTS_DIR; };
		479D6E7A2DA295680076934A /* AppDelegate.swift */ = {isa = PBXFileReference; lastKnownFileType = sourcecode.swift; path = AppDelegate.swift; sourceTree = "<group>"; };
		479D6E7C2DA295680076934A /* SceneDelegate.swift */ = {isa = PBXFileReference; lastKnownFileType = sourcecode.swift; path = SceneDelegate.swift; sourceTree = "<group>"; };
		479D6E7E2DA295680076934A /* TrackersViewController.swift */ = {isa = PBXFileReference; lastKnownFileType = sourcecode.swift; path = TrackersViewController.swift; sourceTree = "<group>"; };
		479D6E832DA2956C0076934A /* Assets.xcassets */ = {isa = PBXFileReference; lastKnownFileType = folder.assetcatalog; path = Assets.xcassets; sourceTree = "<group>"; };
		479D6E882DA2956C0076934A /* Info.plist */ = {isa = PBXFileReference; lastKnownFileType = text.plist.xml; path = Info.plist; sourceTree = "<group>"; };
		479D6E8F2DA2B10E0076934A /* TabBarController.swift */ = {isa = PBXFileReference; lastKnownFileType = sourcecode.swift; path = TabBarController.swift; sourceTree = "<group>"; };
		479D6E922DA2F1A90076934A /* StatisticViewController.swift */ = {isa = PBXFileReference; lastKnownFileType = sourcecode.swift; path = StatisticViewController.swift; sourceTree = "<group>"; };
		47ACB42A2DC2561B00A2550A /* CreateTrackerViewController.swift */ = {isa = PBXFileReference; lastKnownFileType = sourcecode.swift; path = CreateTrackerViewController.swift; sourceTree = "<group>"; };
		47ACB4302DC2933300A2550A /* HabitTableViewCell.swift */ = {isa = PBXFileReference; lastKnownFileType = sourcecode.swift; path = HabitTableViewCell.swift; sourceTree = "<group>"; };
		47ACB4332DC2A25D00A2550A /* TrackerType.swift */ = {isa = PBXFileReference; lastKnownFileType = sourcecode.swift; path = TrackerType.swift; sourceTree = "<group>"; };
		47ACB6BB2DBBA2470062734D /* Tracker.swift */ = {isa = PBXFileReference; lastKnownFileType = sourcecode.swift; path = Tracker.swift; sourceTree = "<group>"; };
		47ACB6BD2DBBA3AC0062734D /* TrackerCategory.swift */ = {isa = PBXFileReference; lastKnownFileType = sourcecode.swift; path = TrackerCategory.swift; sourceTree = "<group>"; };
		47ACB6BF2DBBA6D10062734D /* TrackerRecord.swift */ = {isa = PBXFileReference; lastKnownFileType = sourcecode.swift; path = TrackerRecord.swift; sourceTree = "<group>"; };
/* End PBXFileReference section */

/* Begin PBXFrameworksBuildPhase section */
		479D6E742DA295680076934A /* Frameworks */ = {
			isa = PBXFrameworksBuildPhase;
			buildActionMask = 2147483647;
			files = (
			);
			runOnlyForDeploymentPostprocessing = 0;
		};
/* End PBXFrameworksBuildPhase section */

/* Begin PBXGroup section */
		4727276E2DC3F9450059DF99 /* Preview */ = {
			isa = PBXGroup;
			children = (
				4727276A2DC38F5B0059DF99 /* Preview.swift */,
			);
			path = Preview;
			sourceTree = "<group>";
		};
		474225842DA862F500D71D40 /* Extensions */ = {
			isa = PBXGroup;
			children = (
				474225852DAAF88B00D71D40 /* UIViewController+StubScreen.swift */,
				4794168F2DC16F2100798BC5 /* UIButton+Extensions.swift */,
				479416912DC1732800798BC5 /* UILabel+NavAppStyle.swift */,
			);
			path = Extensions;
			sourceTree = "<group>";
		};
		479D6E6E2DA295680076934A = {
			isa = PBXGroup;
			children = (
				479D6E792DA295680076934A /* Tracker */,
				479D6E782DA295680076934A /* Products */,
			);
			sourceTree = "<group>";
		};
		479D6E782DA295680076934A /* Products */ = {
			isa = PBXGroup;
			children = (
				479D6E772DA295680076934A /* Tracker.app */,
			);
			name = Products;
			sourceTree = "<group>";
		};
		479D6E792DA295680076934A /* Tracker */ = {
			isa = PBXGroup;
			children = (
				4727276E2DC3F9450059DF99 /* Preview */,
				47ACB4322DC2A24900A2550A /* Enums */,
				47ACB6BA2DBBA20C0062734D /* Structs */,
				474225842DA862F500D71D40 /* Extensions */,
				479D6E912DA2F0CE0076934A /* ViewControllers */,
				479D6E8E2DA2B0EA0076934A /* TabBarController */,
				479D6E7A2DA295680076934A /* AppDelegate.swift */,
				479D6E7C2DA295680076934A /* SceneDelegate.swift */,
				479D6E832DA2956C0076934A /* Assets.xcassets */,
				479D6E882DA2956C0076934A /* Info.plist */,
				47ACB4302DC2933300A2550A /* HabitTableViewCell.swift */,
				4727276F2DC3FA550059DF99 /* ScheduleTableViewCell.swift */,
			);
			path = Tracker;
			sourceTree = "<group>";
		};
		479D6E8E2DA2B0EA0076934A /* TabBarController */ = {
			isa = PBXGroup;
			children = (
				479D6E8F2DA2B10E0076934A /* TabBarController.swift */,
			);
			path = TabBarController;
			sourceTree = "<group>";
		};
		479D6E912DA2F0CE0076934A /* ViewControllers */ = {
			isa = PBXGroup;
			children = (
				479D6E7E2DA295680076934A /* TrackersViewController.swift */,
				479D6E922DA2F1A90076934A /* StatisticViewController.swift */,
				479552E92DAC2B970089F203 /* SplashViewController.swift */,
				4794168D2DC1581C00798BC5 /* ChooseTrackerTypeViewController.swift */,
				47ACB42A2DC2561B00A2550A /* CreateTrackerViewController.swift */,
				4727276C2DC3F4EE0059DF99 /* ScheduleViewController.swift */,
			);
			path = ViewControllers;
			sourceTree = "<group>";
		};
		47ACB4322DC2A24900A2550A /* Enums */ = {
			isa = PBXGroup;
			children = (
				47ACB4332DC2A25D00A2550A /* TrackerType.swift */,
			);
			path = Enums;
			sourceTree = "<group>";
		};
		47ACB6BA2DBBA20C0062734D /* Structs */ = {
			isa = PBXGroup;
			children = (
				47ACB6BB2DBBA2470062734D /* Tracker.swift */,
				47ACB6BD2DBBA3AC0062734D /* TrackerCategory.swift */,
				47ACB6BF2DBBA6D10062734D /* TrackerRecord.swift */,
			);
			path = Structs;
			sourceTree = "<group>";
		};
/* End PBXGroup section */

/* Begin PBXNativeTarget section */
		479D6E762DA295680076934A /* Tracker */ = {
			isa = PBXNativeTarget;
			buildConfigurationList = 479D6E8B2DA2956C0076934A /* Build configuration list for PBXNativeTarget "Tracker" */;
			buildPhases = (
				479D6E732DA295680076934A /* Sources */,
				479D6E742DA295680076934A /* Frameworks */,
				479D6E752DA295680076934A /* Resources */,
			);
			buildRules = (
			);
			dependencies = (
			);
			name = Tracker;
			productName = Tracker;
			productReference = 479D6E772DA295680076934A /* Tracker.app */;
			productType = "com.apple.product-type.application";
		};
/* End PBXNativeTarget section */

/* Begin PBXProject section */
		479D6E6F2DA295680076934A /* Project object */ = {
			isa = PBXProject;
			attributes = {
				BuildIndependentTargetsInParallel = 1;
				LastSwiftUpdateCheck = 1420;
				LastUpgradeCheck = 1420;
				TargetAttributes = {
					479D6E762DA295680076934A = {
						CreatedOnToolsVersion = 14.2;
					};
				};
			};
			buildConfigurationList = 479D6E722DA295680076934A /* Build configuration list for PBXProject "Tracker" */;
			compatibilityVersion = "Xcode 14.0";
			developmentRegion = en;
			hasScannedForEncodings = 0;
			knownRegions = (
				en,
				Base,
			);
			mainGroup = 479D6E6E2DA295680076934A;
			productRefGroup = 479D6E782DA295680076934A /* Products */;
			projectDirPath = "";
			projectRoot = "";
			targets = (
				479D6E762DA295680076934A /* Tracker */,
			);
		};
/* End PBXProject section */

/* Begin PBXResourcesBuildPhase section */
		479D6E752DA295680076934A /* Resources */ = {
			isa = PBXResourcesBuildPhase;
			buildActionMask = 2147483647;
			files = (
				479D6E842DA2956C0076934A /* Assets.xcassets in Resources */,
			);
			runOnlyForDeploymentPostprocessing = 0;
		};
/* End PBXResourcesBuildPhase section */

/* Begin PBXSourcesBuildPhase section */
		479D6E732DA295680076934A /* Sources */ = {
			isa = PBXSourcesBuildPhase;
			buildActionMask = 2147483647;
			files = (
				47ACB6BE2DBBA3AC0062734D /* TrackerCategory.swift in Sources */,
				474225862DAAF88B00D71D40 /* UIViewController+StubScreen.swift in Sources */,
				479D6E7F2DA295680076934A /* TrackersViewController.swift in Sources */,
				4727276D2DC3F4EE0059DF99 /* ScheduleViewController.swift in Sources */,
				47ACB4342DC2A25D00A2550A /* TrackerType.swift in Sources */,
				4794168E2DC1581C00798BC5 /* ChooseTrackerTypeViewController.swift in Sources */,
				479D6E902DA2B10E0076934A /* TabBarController.swift in Sources */,
				479D6E7B2DA295680076934A /* AppDelegate.swift in Sources */,
				4727276B2DC38F5B0059DF99 /* Preview.swift in Sources */,
				47ACB6C02DBBA6D10062734D /* TrackerRecord.swift in Sources */,
				47ACB6BC2DBBA2470062734D /* Tracker.swift in Sources */,
				479416902DC16F2100798BC5 /* UIButton+Extensions.swift in Sources */,
				472727702DC3FA550059DF99 /* ScheduleTableViewCell.swift in Sources */,
				47ACB42B2DC2561B00A2550A /* CreateTrackerViewController.swift in Sources */,
				479D6E932DA2F1A90076934A /* StatisticViewController.swift in Sources */,
				479416922DC1732800798BC5 /* UILabel+NavAppStyle.swift in Sources */,
				479552EA2DAC2B970089F203 /* SplashViewController.swift in Sources */,
				47ACB4312DC2933300A2550A /* HabitTableViewCell.swift in Sources */,
				479D6E7D2DA295680076934A /* SceneDelegate.swift in Sources */,
			);
			runOnlyForDeploymentPostprocessing = 0;
		};
/* End PBXSourcesBuildPhase section */

/* Begin XCBuildConfiguration section */
		479D6E892DA2956C0076934A /* Debug */ = {
			isa = XCBuildConfiguration;
			buildSettings = {
				ALWAYS_SEARCH_USER_PATHS = NO;
				CLANG_ANALYZER_NONNULL = YES;
				CLANG_ANALYZER_NUMBER_OBJECT_CONVERSION = YES_AGGRESSIVE;
				CLANG_CXX_LANGUAGE_STANDARD = "gnu++20";
				CLANG_ENABLE_MODULES = YES;
				CLANG_ENABLE_OBJC_ARC = YES;
				CLANG_ENABLE_OBJC_WEAK = YES;
				CLANG_WARN_BLOCK_CAPTURE_AUTORELEASING = YES;
				CLANG_WARN_BOOL_CONVERSION = YES;
				CLANG_WARN_COMMA = YES;
				CLANG_WARN_CONSTANT_CONVERSION = YES;
				CLANG_WARN_DEPRECATED_OBJC_IMPLEMENTATIONS = YES;
				CLANG_WARN_DIRECT_OBJC_ISA_USAGE = YES_ERROR;
				CLANG_WARN_DOCUMENTATION_COMMENTS = YES;
				CLANG_WARN_EMPTY_BODY = YES;
				CLANG_WARN_ENUM_CONVERSION = YES;
				CLANG_WARN_INFINITE_RECURSION = YES;
				CLANG_WARN_INT_CONVERSION = YES;
				CLANG_WARN_NON_LITERAL_NULL_CONVERSION = YES;
				CLANG_WARN_OBJC_IMPLICIT_RETAIN_SELF = YES;
				CLANG_WARN_OBJC_LITERAL_CONVERSION = YES;
				CLANG_WARN_OBJC_ROOT_CLASS = YES_ERROR;
				CLANG_WARN_QUOTED_INCLUDE_IN_FRAMEWORK_HEADER = YES;
				CLANG_WARN_RANGE_LOOP_ANALYSIS = YES;
				CLANG_WARN_STRICT_PROTOTYPES = YES;
				CLANG_WARN_SUSPICIOUS_MOVE = YES;
				CLANG_WARN_UNGUARDED_AVAILABILITY = YES_AGGRESSIVE;
				CLANG_WARN_UNREACHABLE_CODE = YES;
				CLANG_WARN__DUPLICATE_METHOD_MATCH = YES;
				COPY_PHASE_STRIP = NO;
				DEBUG_INFORMATION_FORMAT = dwarf;
				ENABLE_STRICT_OBJC_MSGSEND = YES;
				ENABLE_TESTABILITY = YES;
				GCC_C_LANGUAGE_STANDARD = gnu11;
				GCC_DYNAMIC_NO_PIC = NO;
				GCC_NO_COMMON_BLOCKS = YES;
				GCC_OPTIMIZATION_LEVEL = 0;
				GCC_PREPROCESSOR_DEFINITIONS = (
					"DEBUG=1",
					"$(inherited)",
				);
				GCC_WARN_64_TO_32_BIT_CONVERSION = YES;
				GCC_WARN_ABOUT_RETURN_TYPE = YES_ERROR;
				GCC_WARN_UNDECLARED_SELECTOR = YES;
				GCC_WARN_UNINITIALIZED_AUTOS = YES_AGGRESSIVE;
				GCC_WARN_UNUSED_FUNCTION = YES;
				GCC_WARN_UNUSED_VARIABLE = YES;
				IPHONEOS_DEPLOYMENT_TARGET = 13.4;
				MTL_ENABLE_DEBUG_INFO = INCLUDE_SOURCE;
				MTL_FAST_MATH = YES;
				ONLY_ACTIVE_ARCH = YES;
				SDKROOT = iphoneos;
				SWIFT_ACTIVE_COMPILATION_CONDITIONS = DEBUG;
				SWIFT_OPTIMIZATION_LEVEL = "-Onone";
			};
			name = Debug;
		};
		479D6E8A2DA2956C0076934A /* Release */ = {
			isa = XCBuildConfiguration;
			buildSettings = {
				ALWAYS_SEARCH_USER_PATHS = NO;
				CLANG_ANALYZER_NONNULL = YES;
				CLANG_ANALYZER_NUMBER_OBJECT_CONVERSION = YES_AGGRESSIVE;
				CLANG_CXX_LANGUAGE_STANDARD = "gnu++20";
				CLANG_ENABLE_MODULES = YES;
				CLANG_ENABLE_OBJC_ARC = YES;
				CLANG_ENABLE_OBJC_WEAK = YES;
				CLANG_WARN_BLOCK_CAPTURE_AUTORELEASING = YES;
				CLANG_WARN_BOOL_CONVERSION = YES;
				CLANG_WARN_COMMA = YES;
				CLANG_WARN_CONSTANT_CONVERSION = YES;
				CLANG_WARN_DEPRECATED_OBJC_IMPLEMENTATIONS = YES;
				CLANG_WARN_DIRECT_OBJC_ISA_USAGE = YES_ERROR;
				CLANG_WARN_DOCUMENTATION_COMMENTS = YES;
				CLANG_WARN_EMPTY_BODY = YES;
				CLANG_WARN_ENUM_CONVERSION = YES;
				CLANG_WARN_INFINITE_RECURSION = YES;
				CLANG_WARN_INT_CONVERSION = YES;
				CLANG_WARN_NON_LITERAL_NULL_CONVERSION = YES;
				CLANG_WARN_OBJC_IMPLICIT_RETAIN_SELF = YES;
				CLANG_WARN_OBJC_LITERAL_CONVERSION = YES;
				CLANG_WARN_OBJC_ROOT_CLASS = YES_ERROR;
				CLANG_WARN_QUOTED_INCLUDE_IN_FRAMEWORK_HEADER = YES;
				CLANG_WARN_RANGE_LOOP_ANALYSIS = YES;
				CLANG_WARN_STRICT_PROTOTYPES = YES;
				CLANG_WARN_SUSPICIOUS_MOVE = YES;
				CLANG_WARN_UNGUARDED_AVAILABILITY = YES_AGGRESSIVE;
				CLANG_WARN_UNREACHABLE_CODE = YES;
				CLANG_WARN__DUPLICATE_METHOD_MATCH = YES;
				COPY_PHASE_STRIP = NO;
				DEBUG_INFORMATION_FORMAT = "dwarf-with-dsym";
				ENABLE_NS_ASSERTIONS = NO;
				ENABLE_STRICT_OBJC_MSGSEND = YES;
				GCC_C_LANGUAGE_STANDARD = gnu11;
				GCC_NO_COMMON_BLOCKS = YES;
				GCC_WARN_64_TO_32_BIT_CONVERSION = YES;
				GCC_WARN_ABOUT_RETURN_TYPE = YES_ERROR;
				GCC_WARN_UNDECLARED_SELECTOR = YES;
				GCC_WARN_UNINITIALIZED_AUTOS = YES_AGGRESSIVE;
				GCC_WARN_UNUSED_FUNCTION = YES;
				GCC_WARN_UNUSED_VARIABLE = YES;
				IPHONEOS_DEPLOYMENT_TARGET = 13.4;
				MTL_ENABLE_DEBUG_INFO = NO;
				MTL_FAST_MATH = YES;
				SDKROOT = iphoneos;
				SWIFT_COMPILATION_MODE = wholemodule;
				SWIFT_OPTIMIZATION_LEVEL = "-O";
				VALIDATE_PRODUCT = YES;
			};
			name = Release;
		};
		479D6E8C2DA2956C0076934A /* Debug */ = {
			isa = XCBuildConfiguration;
			buildSettings = {
				ASSETCATALOG_COMPILER_APPICON_NAME = AppIcon;
				ASSETCATALOG_COMPILER_GLOBAL_ACCENT_COLOR_NAME = AccentColor;
				CODE_SIGN_STYLE = Automatic;
				CURRENT_PROJECT_VERSION = 1;
				DEVELOPMENT_TEAM = C2QR6HQR3P;
				GENERATE_INFOPLIST_FILE = YES;
				INFOPLIST_FILE = Tracker/Info.plist;
				INFOPLIST_KEY_UIApplicationSupportsIndirectInputEvents = YES;
				INFOPLIST_KEY_UILaunchStoryboardName = LaunchScreen;
				INFOPLIST_KEY_UISupportedInterfaceOrientations = UIInterfaceOrientationPortrait;
				INFOPLIST_KEY_UISupportedInterfaceOrientations_iPad = "UIInterfaceOrientationLandscapeLeft UIInterfaceOrientationLandscapeRight UIInterfaceOrientationPortrait UIInterfaceOrientationPortraitUpsideDown";
				IPHONEOS_DEPLOYMENT_TARGET = 13.4;
				LD_RUNPATH_SEARCH_PATHS = (
					"$(inherited)",
					"@executable_path/Frameworks",
				);
				MARKETING_VERSION = 1.0;
				PRODUCT_BUNDLE_IDENTIFIER = ru.yandex.practicum.Tracker;
				PRODUCT_NAME = "$(TARGET_NAME)";
				SUPPORTED_PLATFORMS = "iphoneos iphonesimulator";
				SUPPORTS_MACCATALYST = NO;
				SUPPORTS_MAC_DESIGNED_FOR_IPHONE_IPAD = NO;
				SWIFT_EMIT_LOC_STRINGS = YES;
				SWIFT_VERSION = 5.0;
				TARGETED_DEVICE_FAMILY = 1;
			};
			name = Debug;
		};
		479D6E8D2DA2956C0076934A /* Release */ = {
			isa = XCBuildConfiguration;
			buildSettings = {
				ASSETCATALOG_COMPILER_APPICON_NAME = AppIcon;
				ASSETCATALOG_COMPILER_GLOBAL_ACCENT_COLOR_NAME = AccentColor;
				CODE_SIGN_STYLE = Automatic;
				CURRENT_PROJECT_VERSION = 1;
				DEVELOPMENT_TEAM = C2QR6HQR3P;
				GENERATE_INFOPLIST_FILE = YES;
				INFOPLIST_FILE = Tracker/Info.plist;
				INFOPLIST_KEY_UIApplicationSupportsIndirectInputEvents = YES;
				INFOPLIST_KEY_UILaunchStoryboardName = LaunchScreen;
				INFOPLIST_KEY_UISupportedInterfaceOrientations = UIInterfaceOrientationPortrait;
				INFOPLIST_KEY_UISupportedInterfaceOrientations_iPad = "UIInterfaceOrientationLandscapeLeft UIInterfaceOrientationLandscapeRight UIInterfaceOrientationPortrait UIInterfaceOrientationPortraitUpsideDown";
				IPHONEOS_DEPLOYMENT_TARGET = 13.4;
				LD_RUNPATH_SEARCH_PATHS = (
					"$(inherited)",
					"@executable_path/Frameworks",
				);
				MARKETING_VERSION = 1.0;
				PRODUCT_BUNDLE_IDENTIFIER = ru.yandex.practicum.Tracker;
				PRODUCT_NAME = "$(TARGET_NAME)";
				SUPPORTED_PLATFORMS = "iphoneos iphonesimulator";
				SUPPORTS_MACCATALYST = NO;
				SUPPORTS_MAC_DESIGNED_FOR_IPHONE_IPAD = NO;
				SWIFT_EMIT_LOC_STRINGS = YES;
				SWIFT_VERSION = 5.0;
				TARGETED_DEVICE_FAMILY = 1;
			};
			name = Release;
		};
/* End XCBuildConfiguration section */

/* Begin XCConfigurationList section */
		479D6E722DA295680076934A /* Build configuration list for PBXProject "Tracker" */ = {
			isa = XCConfigurationList;
			buildConfigurations = (
				479D6E892DA2956C0076934A /* Debug */,
				479D6E8A2DA2956C0076934A /* Release */,
			);
			defaultConfigurationIsVisible = 0;
			defaultConfigurationName = Release;
		};
		479D6E8B2DA2956C0076934A /* Build configuration list for PBXNativeTarget "Tracker" */ = {
			isa = XCConfigurationList;
			buildConfigurations = (
				479D6E8C2DA2956C0076934A /* Debug */,
				479D6E8D2DA2956C0076934A /* Release */,
			);
			defaultConfigurationIsVisible = 0;
			defaultConfigurationName = Release;
		};
/* End XCConfigurationList section */
	};
	rootObject = 479D6E6F2DA295680076934A /* Project object */;
}
